// !$*UTF8*$!
{
	archiveVersion = 1;
	classes = {
	};
	objectVersion = 50;
	objects = {

/* Begin PBXBuildFile section */
		AF35DE07268AECA900742C78 /* AppDelegate.swift in Sources */ = {isa = PBXBuildFile; fileRef = AF35DE06268AECA900742C78 /* AppDelegate.swift */; };
		AF35DE09268AECA900742C78 /* SceneDelegate.swift in Sources */ = {isa = PBXBuildFile; fileRef = AF35DE08268AECA900742C78 /* SceneDelegate.swift */; };
		AF35DE0B268AECA900742C78 /* ViewController.swift in Sources */ = {isa = PBXBuildFile; fileRef = AF35DE0A268AECA900742C78 /* ViewController.swift */; };
		AF35DE0E268AECA900742C78 /* Main.storyboard in Resources */ = {isa = PBXBuildFile; fileRef = AF35DE0C268AECA900742C78 /* Main.storyboard */; };
		AF35DE10268AECAA00742C78 /* Assets.xcassets in Resources */ = {isa = PBXBuildFile; fileRef = AF35DE0F268AECAA00742C78 /* Assets.xcassets */; };
		AF35DE13268AECAA00742C78 /* LaunchScreen.storyboard in Resources */ = {isa = PBXBuildFile; fileRef = AF35DE11268AECAA00742C78 /* LaunchScreen.storyboard */; };
		AF35DE1E268AEE5000742C78 /* HomePageViewController.swift in Sources */ = {isa = PBXBuildFile; fileRef = AF35DE1D268AEE5000742C78 /* HomePageViewController.swift */; };
/* End PBXBuildFile section */

/* Begin PBXFileReference section */
		AF35DE03268AECA900742C78 /* FoursquareApp.app */ = {isa = PBXFileReference; explicitFileType = wrapper.application; includeInIndex = 0; path = FoursquareApp.app; sourceTree = BUILT_PRODUCTS_DIR; };
		AF35DE06268AECA900742C78 /* AppDelegate.swift */ = {isa = PBXFileReference; lastKnownFileType = sourcecode.swift; path = AppDelegate.swift; sourceTree = "<group>"; };
		AF35DE08268AECA900742C78 /* SceneDelegate.swift */ = {isa = PBXFileReference; lastKnownFileType = sourcecode.swift; path = SceneDelegate.swift; sourceTree = "<group>"; };
		AF35DE0A268AECA900742C78 /* ViewController.swift */ = {isa = PBXFileReference; lastKnownFileType = sourcecode.swift; path = ViewController.swift; sourceTree = "<group>"; };
		AF35DE0D268AECA900742C78 /* Base */ = {isa = PBXFileReference; lastKnownFileType = file.storyboard; name = Base; path = Base.lproj/Main.storyboard; sourceTree = "<group>"; };
		AF35DE0F268AECAA00742C78 /* Assets.xcassets */ = {isa = PBXFileReference; lastKnownFileType = folder.assetcatalog; path = Assets.xcassets; sourceTree = "<group>"; };
		AF35DE12268AECAA00742C78 /* Base */ = {isa = PBXFileReference; lastKnownFileType = file.storyboard; name = Base; path = Base.lproj/LaunchScreen.storyboard; sourceTree = "<group>"; };
		AF35DE14268AECAA00742C78 /* Info.plist */ = {isa = PBXFileReference; lastKnownFileType = text.plist.xml; path = Info.plist; sourceTree = "<group>"; };
		AF35DE1D268AEE5000742C78 /* HomePageViewController.swift */ = {isa = PBXFileReference; lastKnownFileType = sourcecode.swift; path = HomePageViewController.swift; sourceTree = "<group>"; };
/* End PBXFileReference section */

/* Begin PBXFrameworksBuildPhase section */
		AF35DE00268AECA900742C78 /* Frameworks */ = {
			isa = PBXFrameworksBuildPhase;
			buildActionMask = 2147483647;
			files = (
			);
			runOnlyForDeploymentPostprocessing = 0;
		};
/* End PBXFrameworksBuildPhase section */

/* Begin PBXGroup section */
		AF35DDFA268AECA800742C78 = {
			isa = PBXGroup;
			children = (
				AF35DE05268AECA900742C78 /* FoursquareApp */,
				AF35DE04268AECA900742C78 /* Products */,
			);
			sourceTree = "<group>";
		};
		AF35DE04268AECA900742C78 /* Products */ = {
			isa = PBXGroup;
			children = (
				AF35DE03268AECA900742C78 /* FoursquareApp.app */,
			);
			name = Products;
			sourceTree = "<group>";
		};
		AF35DE05268AECA900742C78 /* FoursquareApp */ = {
			isa = PBXGroup;
			children = (
				AF35DE1C268AEE2F00742C78 /* Home Page */,
				AF35DE06268AECA900742C78 /* AppDelegate.swift */,
				AF35DE08268AECA900742C78 /* SceneDelegate.swift */,
				AF35DE0A268AECA900742C78 /* ViewController.swift */,
				AF35DE0C268AECA900742C78 /* Main.storyboard */,
				AF35DE0F268AECAA00742C78 /* Assets.xcassets */,
				AF35DE11268AECAA00742C78 /* LaunchScreen.storyboard */,
				AF35DE14268AECAA00742C78 /* Info.plist */,
			);
			path = FoursquareApp;
			sourceTree = "<group>";
		};
		AF35DE1C268AEE2F00742C78 /* Home Page */ = {
			isa = PBXGroup;
			children = (
				AF35DE1D268AEE5000742C78 /* HomePageViewController.swift */,
			);
			path = "Home Page";
			sourceTree = "<group>";
		};
/* End PBXGroup section */

/* Begin PBXNativeTarget section */
		AF35DE02268AECA900742C78 /* FoursquareApp */ = {
			isa = PBXNativeTarget;
			buildConfigurationList = AF35DE17268AECAA00742C78 /* Build configuration list for PBXNativeTarget "FoursquareApp" */;
			buildPhases = (
				AF35DDFF268AECA900742C78 /* Sources */,
				AF35DE00268AECA900742C78 /* Frameworks */,
				AF35DE01268AECA900742C78 /* Resources */,
			);
			buildRules = (
			);
			dependencies = (
			);
			name = FoursquareApp;
			productName = FoursquareApp;
			productReference = AF35DE03268AECA900742C78 /* FoursquareApp.app */;
			productType = "com.apple.product-type.application";
		};
/* End PBXNativeTarget section */

/* Begin PBXProject section */
		AF35DDFB268AECA800742C78 /* Project object */ = {
			isa = PBXProject;
			attributes = {
				LastSwiftUpdateCheck = 1240;
				LastUpgradeCheck = 1240;
				TargetAttributes = {
					AF35DE02268AECA900742C78 = {
						CreatedOnToolsVersion = 12.4;
					};
				};
			};
			buildConfigurationList = AF35DDFE268AECA800742C78 /* Build configuration list for PBXProject "FoursquareApp" */;
			compatibilityVersion = "Xcode 9.3";
			developmentRegion = en;
			hasScannedForEncodings = 0;
			knownRegions = (
				en,
				Base,
			);
			mainGroup = AF35DDFA268AECA800742C78;
			productRefGroup = AF35DE04268AECA900742C78 /* Products */;
			projectDirPath = "";
			projectRoot = "";
			targets = (
				AF35DE02268AECA900742C78 /* FoursquareApp */,
			);
		};
/* End PBXProject section */

/* Begin PBXResourcesBuildPhase section */
		AF35DE01268AECA900742C78 /* Resources */ = {
			isa = PBXResourcesBuildPhase;
			buildActionMask = 2147483647;
			files = (
				AF35DE13268AECAA00742C78 /* LaunchScreen.storyboard in Resources */,
				AF35DE10268AECAA00742C78 /* Assets.xcassets in Resources */,
				AF35DE0E268AECA900742C78 /* Main.storyboard in Resources */,
			);
			runOnlyForDeploymentPostprocessing = 0;
		};
/* End PBXResourcesBuildPhase section */

/* Begin PBXSourcesBuildPhase section */
		AF35DDFF268AECA900742C78 /* Sources */ = {
			isa = PBXSourcesBuildPhase;
			buildActionMask = 2147483647;
			files = (
				AF35DE1E268AEE5000742C78 /* HomePageViewController.swift in Sources */,
				AF35DE0B268AECA900742C78 /* ViewController.swift in Sources */,
				AF35DE07268AECA900742C78 /* AppDelegate.swift in Sources */,
				AF35DE09268AECA900742C78 /* SceneDelegate.swift in Sources */,
			);
			runOnlyForDeploymentPostprocessing = 0;
		};
/* End PBXSourcesBuildPhase section */

/* Begin PBXVariantGroup section */
		AF35DE0C268AECA900742C78 /* Main.storyboard */ = {
			isa = PBXVariantGroup;
			children = (
				AF35DE0D268AECA900742C78 /* Base */,
			);
			name = Main.storyboard;
			sourceTree = "<group>";
		};
		AF35DE11268AECAA00742C78 /* LaunchScreen.storyboard */ = {
			isa = PBXVariantGroup;
			children = (
				AF35DE12268AECAA00742C78 /* Base */,
			);
			name = LaunchScreen.storyboard;
			sourceTree = "<group>";
		};
/* End PBXVariantGroup section */

/* Begin XCBuildConfiguration section */
		AF35DE15268AECAA00742C78 /* Debug */ = {
			isa = XCBuildConfiguration;
			buildSettings = {
				ALWAYS_SEARCH_USER_PATHS = NO;
				CLANG_ANALYZER_NONNULL = YES;
				CLANG_ANALYZER_NUMBER_OBJECT_CONVERSION = YES_AGGRESSIVE;
				CLANG_CXX_LANGUAGE_STANDARD = "gnu++14";
				CLANG_CXX_LIBRARY = "libc++";
				CLANG_ENABLE_MODULES = YES;
				CLANG_ENABLE_OBJC_ARC = YES;
				CLANG_ENABLE_OBJC_WEAK = YES;
				CLANG_WARN_BLOCK_CAPTURE_AUTORELEASING = YES;
				CLANG_WARN_BOOL_CONVERSION = YES;
				CLANG_WARN_COMMA = YES;
				CLANG_WARN_CONSTANT_CONVERSION = YES;
				CLANG_WARN_DEPRECATED_OBJC_IMPLEMENTATIONS = YES;
				CLANG_WARN_DIRECT_OBJC_ISA_USAGE = YES_ERROR;
				CLANG_WARN_DOCUMENTATION_COMMENTS = YES;
				CLANG_WARN_EMPTY_BODY = YES;
				CLANG_WARN_ENUM_CONVERSION = YES;
				CLANG_WARN_INFINITE_RECURSION = YES;
				CLANG_WARN_INT_CONVERSION = YES;
				CLANG_WARN_NON_LITERAL_NULL_CONVERSION = YES;
				CLANG_WARN_OBJC_IMPLICIT_RETAIN_SELF = YES;
				CLANG_WARN_OBJC_LITERAL_CONVERSION = YES;
				CLANG_WARN_OBJC_ROOT_CLASS = YES_ERROR;
				CLANG_WARN_QUOTED_INCLUDE_IN_FRAMEWORK_HEADER = YES;
				CLANG_WARN_RANGE_LOOP_ANALYSIS = YES;
				CLANG_WARN_STRICT_PROTOTYPES = YES;
				CLANG_WARN_SUSPICIOUS_MOVE = YES;
				CLANG_WARN_UNGUARDED_AVAILABILITY = YES_AGGRESSIVE;
				CLANG_WARN_UNREACHABLE_CODE = YES;
				CLANG_WARN__DUPLICATE_METHOD_MATCH = YES;
				COPY_PHASE_STRIP = NO;
				DEBUG_INFORMATION_FORMAT = dwarf;
				ENABLE_STRICT_OBJC_MSGSEND = YES;
				ENABLE_TESTABILITY = YES;
				GCC_C_LANGUAGE_STANDARD = gnu11;
				GCC_DYNAMIC_NO_PIC = NO;
				GCC_NO_COMMON_BLOCKS = YES;
				GCC_OPTIMIZATION_LEVEL = 0;
				GCC_PREPROCESSOR_DEFINITIONS = (
					"DEBUG=1",
					"$(inherited)",
				);
				GCC_WARN_64_TO_32_BIT_CONVERSION = YES;
				GCC_WARN_ABOUT_RETURN_TYPE = YES_ERROR;
				GCC_WARN_UNDECLARED_SELECTOR = YES;
				GCC_WARN_UNINITIALIZED_AUTOS = YES_AGGRESSIVE;
				GCC_WARN_UNUSED_FUNCTION = YES;
				GCC_WARN_UNUSED_VARIABLE = YES;
				IPHONEOS_DEPLOYMENT_TARGET = 14.4;
				MTL_ENABLE_DEBUG_INFO = INCLUDE_SOURCE;
				MTL_FAST_MATH = YES;
				ONLY_ACTIVE_ARCH = YES;
				SDKROOT = iphoneos;
				SWIFT_ACTIVE_COMPILATION_CONDITIONS = DEBUG;
				SWIFT_OPTIMIZATION_LEVEL = "-Onone";
			};
			name = Debug;
		};
		AF35DE16268AECAA00742C78 /* Release */ = {
			isa = XCBuildConfiguration;
			buildSettings = {
				ALWAYS_SEARCH_USER_PATHS = NO;
				CLANG_ANALYZER_NONNULL = YES;
				CLANG_ANALYZER_NUMBER_OBJECT_CONVERSION = YES_AGGRESSIVE;
				CLANG_CXX_LANGUAGE_STANDARD = "gnu++14";
				CLANG_CXX_LIBRARY = "libc++";
				CLANG_ENABLE_MODULES = YES;
				CLANG_ENABLE_OBJC_ARC = YES;
				CLANG_ENABLE_OBJC_WEAK = YES;
				CLANG_WARN_BLOCK_CAPTURE_AUTORELEASING = YES;
				CLANG_WARN_BOOL_CONVERSION = YES;
				CLANG_WARN_COMMA = YES;
				CLANG_WARN_CONSTANT_CONVERSION = YES;
				CLANG_WARN_DEPRECATED_OBJC_IMPLEMENTATIONS = YES;
				CLANG_WARN_DIRECT_OBJC_ISA_USAGE = YES_ERROR;
				CLANG_WARN_DOCUMENTATION_COMMENTS = YES;
				CLANG_WARN_EMPTY_BODY = YES;
				CLANG_WARN_ENUM_CONVERSION = YES;
				CLANG_WARN_INFINITE_RECURSION = YES;
				CLANG_WARN_INT_CONVERSION = YES;
				CLANG_WARN_NON_LITERAL_NULL_CONVERSION = YES;
				CLANG_WARN_OBJC_IMPLICIT_RETAIN_SELF = YES;
				CLANG_WARN_OBJC_LITERAL_CONVERSION = YES;
				CLANG_WARN_OBJC_ROOT_CLASS = YES_ERROR;
				CLANG_WARN_QUOTED_INCLUDE_IN_FRAMEWORK_HEADER = YES;
				CLANG_WARN_RANGE_LOOP_ANALYSIS = YES;
				CLANG_WARN_STRICT_PROTOTYPES = YES;
				CLANG_WARN_SUSPICIOUS_MOVE = YES;
				CLANG_WARN_UNGUARDED_AVAILABILITY = YES_AGGRESSIVE;
				CLANG_WARN_UNREACHABLE_CODE = YES;
				CLANG_WARN__DUPLICATE_METHOD_MATCH = YES;
				COPY_PHASE_STRIP = NO;
				DEBUG_INFORMATION_FORMAT = "dwarf-with-dsym";
				ENABLE_NS_ASSERTIONS = NO;
				ENABLE_STRICT_OBJC_MSGSEND = YES;
				GCC_C_LANGUAGE_STANDARD = gnu11;
				GCC_NO_COMMON_BLOCKS = YES;
				GCC_WARN_64_TO_32_BIT_CONVERSION = YES;
				GCC_WARN_ABOUT_RETURN_TYPE = YES_ERROR;
				GCC_WARN_UNDECLARED_SELECTOR = YES;
				GCC_WARN_UNINITIALIZED_AUTOS = YES_AGGRESSIVE;
				GCC_WARN_UNUSED_FUNCTION = YES;
				GCC_WARN_UNUSED_VARIABLE = YES;
				IPHONEOS_DEPLOYMENT_TARGET = 14.4;
				MTL_ENABLE_DEBUG_INFO = NO;
				MTL_FAST_MATH = YES;
				SDKROOT = iphoneos;
				SWIFT_COMPILATION_MODE = wholemodule;
				SWIFT_OPTIMIZATION_LEVEL = "-O";
				VALIDATE_PRODUCT = YES;
			};
			name = Release;
		};
		AF35DE18268AECAA00742C78 /* Debug */ = {
			isa = XCBuildConfiguration;
			buildSettings = {
				ASSETCATALOG_COMPILER_APPICON_NAME = AppIcon;
				ASSETCATALOG_COMPILER_GLOBAL_ACCENT_COLOR_NAME = AccentColor;
				CODE_SIGN_STYLE = Automatic;
				INFOPLIST_FILE = FoursquareApp/Info.plist;
				IPHONEOS_DEPLOYMENT_TARGET = 14.1;
				LD_RUNPATH_SEARCH_PATHS = (
					"$(inherited)",
					"@executable_path/Frameworks",
				);
				PRODUCT_BUNDLE_IDENTIFIER = Foursquare.FoursquareApp;
				PRODUCT_NAME = "$(TARGET_NAME)";
				SWIFT_VERSION = 5.0;
				TARGETED_DEVICE_FAMILY = "1,2";
			};
			name = Debug;
		};
		AF35DE19268AECAA00742C78 /* Release */ = {
			isa = XCBuildConfiguration;
			buildSettings = {
				ASSETCATALOG_COMPILER_APPICON_NAME = AppIcon;
				ASSETCATALOG_COMPILER_GLOBAL_ACCENT_COLOR_NAME = AccentColor;
				CODE_SIGN_STYLE = Automatic;
				INFOPLIST_FILE = FoursquareApp/Info.plist;
				IPHONEOS_DEPLOYMENT_TARGET = 14.1;
				LD_RUNPATH_SEARCH_PATHS = (
					"$(inherited)",
					"@executable_path/Frameworks",
				);
				PRODUCT_BUNDLE_IDENTIFIER = Foursquare.FoursquareApp;
				PRODUCT_NAME = "$(TARGET_NAME)";
				SWIFT_VERSION = 5.0;
				TARGETED_DEVICE_FAMILY = "1,2";
			};
			name = Release;
		};
/* End XCBuildConfiguration section */

/* Begin XCConfigurationList section */
		AF35DDFE268AECA800742C78 /* Build configuration list for PBXProject "FoursquareApp" */ = {
			isa = XCConfigurationList;
			buildConfigurations = (
				AF35DE15268AECAA00742C78 /* Debug */,
				AF35DE16268AECAA00742C78 /* Release */,
			);
			defaultConfigurationIsVisible = 0;
			defaultConfigurationName = Release;
		};
		AF35DE17268AECAA00742C78 /* Build configuration list for PBXNativeTarget "FoursquareApp" */ = {
			isa = XCConfigurationList;
			buildConfigurations = (
				AF35DE18268AECAA00742C78 /* Debug */,
				AF35DE19268AECAA00742C78 /* Release */,
			);
			defaultConfigurationIsVisible = 0;
			defaultConfigurationName = Release;
		};
/* End XCConfigurationList section */
	};
	rootObject = AF35DDFB268AECA800742C78 /* Project object */;
}
